
Microsoft Visual Studio Solution File, Format Version 12.00
# Visual Studio Version 16
VisualStudioVersion = 16.0.30711.63
MinimumVisualStudioVersion = 10.0.40219.1
Project("{FAE04EC0-301F-11D3-BF4B-00C04F79EFBC}") = "Prototipo", "Prototipo\Prototipo.csproj", "{5AD44FBA-A346-4CD7-B19B-3D21C2159F96}"
EndProject
Global
	GlobalSection(SolutionConfigurationPlatforms) = preSolution
		Debug|Any CPU = Debug|Any CPU
		Release|Any CPU = Release|Any CPU
	EndGlobalSection
	GlobalSection(ProjectConfigurationPlatforms) = postSolution
		{5AD44FBA-A346-4CD7-B19B-3D21C2159F96}.Debug|Any CPU.ActiveCfg = Debug|Any CPU
		{5AD44FBA-A346-4CD7-B19B-3D21C2159F96}.Debug|Any CPU.Build.0 = Debug|Any CPU
		{5AD44FBA-A346-4CD7-B19B-3D21C2159F96}.Release|Any CPU.ActiveCfg = Release|Any CPU
		{5AD44FBA-A346-4CD7-B19B-3D21C2159F96}.Release|Any CPU.Build.0 = Release|Any CPU
	EndGlobalSection
	GlobalSection(SolutionProperties) = preSolution
		HideSolutionNode = FALSE
	EndGlobalSection
	GlobalSection(ExtensibilityGlobals) = postSolution
		SolutionGuid = {6A85DAED-644A-4D0D-A063-74C38EEBE9A9}
	EndGlobalSection
EndGlobal
